// !$*UTF8*$!
{
	archiveVersion = 1;
	classes = {
	};
	objectVersion = 55;
	objects = {

/* Begin PBXBuildFile section */
		784C5B562820CD1E00F1212A /* AppDelegate.swift in Sources */ = {isa = PBXBuildFile; fileRef = 784C5B552820CD1E00F1212A /* AppDelegate.swift */; };
		784C5B582820CD1E00F1212A /* SceneDelegate.swift in Sources */ = {isa = PBXBuildFile; fileRef = 784C5B572820CD1E00F1212A /* SceneDelegate.swift */; };
		784C5B5A2820CD1E00F1212A /* ViewController.swift in Sources */ = {isa = PBXBuildFile; fileRef = 784C5B592820CD1E00F1212A /* ViewController.swift */; };
		784C5B5D2820CD1E00F1212A /* Main.storyboard in Resources */ = {isa = PBXBuildFile; fileRef = 784C5B5B2820CD1E00F1212A /* Main.storyboard */; };
		784C5B602820CD1E00F1212A /* Weather_1Hour_App.xcdatamodeld in Sources */ = {isa = PBXBuildFile; fileRef = 784C5B5E2820CD1E00F1212A /* Weather_1Hour_App.xcdatamodeld */; };
		784C5B622820CD2000F1212A /* Assets.xcassets in Resources */ = {isa = PBXBuildFile; fileRef = 784C5B612820CD2000F1212A /* Assets.xcassets */; };
		784C5B652820CD2000F1212A /* LaunchScreen.storyboard in Resources */ = {isa = PBXBuildFile; fileRef = 784C5B632820CD2000F1212A /* LaunchScreen.storyboard */; };
		784C5B6F2820CD4600F1212A /* WeatherData.swift in Sources */ = {isa = PBXBuildFile; fileRef = 784C5B6E2820CD4600F1212A /* WeatherData.swift */; };
		784C5B722820CD5D00F1212A /* WeatherManager.swift in Sources */ = {isa = PBXBuildFile; fileRef = 784C5B712820CD5D00F1212A /* WeatherManager.swift */; };
		788DE5EA2820E3B700AB3A53 /* WeatherModel.swift in Sources */ = {isa = PBXBuildFile; fileRef = 788DE5E92820E3B700AB3A53 /* WeatherModel.swift */; };
/* End PBXBuildFile section */

/* Begin PBXFileReference section */
		784C5B522820CD1E00F1212A /* Weather 1Hour App.app */ = {isa = PBXFileReference; explicitFileType = wrapper.application; includeInIndex = 0; path = "Weather 1Hour App.app"; sourceTree = BUILT_PRODUCTS_DIR; };
		784C5B552820CD1E00F1212A /* AppDelegate.swift */ = {isa = PBXFileReference; lastKnownFileType = sourcecode.swift; path = AppDelegate.swift; sourceTree = "<group>"; };
		784C5B572820CD1E00F1212A /* SceneDelegate.swift */ = {isa = PBXFileReference; lastKnownFileType = sourcecode.swift; path = SceneDelegate.swift; sourceTree = "<group>"; };
		784C5B592820CD1E00F1212A /* ViewController.swift */ = {isa = PBXFileReference; lastKnownFileType = sourcecode.swift; path = ViewController.swift; sourceTree = "<group>"; };
		784C5B5C2820CD1E00F1212A /* Base */ = {isa = PBXFileReference; lastKnownFileType = file.storyboard; name = Base; path = Base.lproj/Main.storyboard; sourceTree = "<group>"; };
		784C5B5F2820CD1E00F1212A /* Weather_1Hour_App.xcdatamodel */ = {isa = PBXFileReference; lastKnownFileType = wrapper.xcdatamodel; path = Weather_1Hour_App.xcdatamodel; sourceTree = "<group>"; };
		784C5B612820CD2000F1212A /* Assets.xcassets */ = {isa = PBXFileReference; lastKnownFileType = folder.assetcatalog; path = Assets.xcassets; sourceTree = "<group>"; };
		784C5B642820CD2000F1212A /* Base */ = {isa = PBXFileReference; lastKnownFileType = file.storyboard; name = Base; path = Base.lproj/LaunchScreen.storyboard; sourceTree = "<group>"; };
		784C5B662820CD2000F1212A /* Info.plist */ = {isa = PBXFileReference; lastKnownFileType = text.plist.xml; path = Info.plist; sourceTree = "<group>"; };
		784C5B6E2820CD4600F1212A /* WeatherData.swift */ = {isa = PBXFileReference; lastKnownFileType = sourcecode.swift; path = WeatherData.swift; sourceTree = "<group>"; };
		784C5B712820CD5D00F1212A /* WeatherManager.swift */ = {isa = PBXFileReference; lastKnownFileType = sourcecode.swift; path = WeatherManager.swift; sourceTree = "<group>"; };
		788DE5E92820E3B700AB3A53 /* WeatherModel.swift */ = {isa = PBXFileReference; lastKnownFileType = sourcecode.swift; path = WeatherModel.swift; sourceTree = "<group>"; };
/* End PBXFileReference section */

/* Begin PBXFrameworksBuildPhase section */
		784C5B4F2820CD1E00F1212A /* Frameworks */ = {
			isa = PBXFrameworksBuildPhase;
			buildActionMask = 2147483647;
			files = (
			);
			runOnlyForDeploymentPostprocessing = 0;
		};
/* End PBXFrameworksBuildPhase section */

/* Begin PBXGroup section */
		784C5B492820CD1E00F1212A = {
			isa = PBXGroup;
			children = (
				784C5B542820CD1E00F1212A /* Weather 1Hour App */,
				784C5B532820CD1E00F1212A /* Products */,
			);
			sourceTree = "<group>";
		};
		784C5B532820CD1E00F1212A /* Products */ = {
			isa = PBXGroup;
			children = (
				784C5B522820CD1E00F1212A /* Weather 1Hour App.app */,
			);
			name = Products;
			sourceTree = "<group>";
		};
		784C5B542820CD1E00F1212A /* Weather 1Hour App */ = {
			isa = PBXGroup;
			children = (
				784C5B552820CD1E00F1212A /* AppDelegate.swift */,
				784C5B572820CD1E00F1212A /* SceneDelegate.swift */,
				784C5B702820CD4D00F1212A /* Model */,
				784C5B6D2820CD3100F1212A /* Controller */,
				784C5B6C2820CD2C00F1212A /* View */,
				784C5B612820CD2000F1212A /* Assets.xcassets */,
				784C5B632820CD2000F1212A /* LaunchScreen.storyboard */,
				784C5B662820CD2000F1212A /* Info.plist */,
				784C5B5E2820CD1E00F1212A /* Weather_1Hour_App.xcdatamodeld */,
			);
			path = "Weather 1Hour App";
			sourceTree = "<group>";
		};
		784C5B6C2820CD2C00F1212A /* View */ = {
			isa = PBXGroup;
			children = (
				784C5B5B2820CD1E00F1212A /* Main.storyboard */,
			);
			path = View;
			sourceTree = "<group>";
		};
		784C5B6D2820CD3100F1212A /* Controller */ = {
			isa = PBXGroup;
			children = (
				784C5B592820CD1E00F1212A /* ViewController.swift */,
			);
			path = Controller;
			sourceTree = "<group>";
		};
		784C5B702820CD4D00F1212A /* Model */ = {
			isa = PBXGroup;
			children = (
				784C5B6E2820CD4600F1212A /* WeatherData.swift */,
				784C5B712820CD5D00F1212A /* WeatherManager.swift */,
				788DE5E92820E3B700AB3A53 /* WeatherModel.swift */,
			);
			path = Model;
			sourceTree = "<group>";
		};
/* End PBXGroup section */

/* Begin PBXNativeTarget section */
		784C5B512820CD1E00F1212A /* Weather 1Hour App */ = {
			isa = PBXNativeTarget;
			buildConfigurationList = 784C5B692820CD2000F1212A /* Build configuration list for PBXNativeTarget "Weather 1Hour App" */;
			buildPhases = (
				784C5B4E2820CD1E00F1212A /* Sources */,
				784C5B4F2820CD1E00F1212A /* Frameworks */,
				784C5B502820CD1E00F1212A /* Resources */,
			);
			buildRules = (
			);
			dependencies = (
			);
			name = "Weather 1Hour App";
			productName = "Weather 1Hour App";
			productReference = 784C5B522820CD1E00F1212A /* Weather 1Hour App.app */;
			productType = "com.apple.product-type.application";
		};
/* End PBXNativeTarget section */

/* Begin PBXProject section */
		784C5B4A2820CD1E00F1212A /* Project object */ = {
			isa = PBXProject;
			attributes = {
				BuildIndependentTargetsInParallel = 1;
				LastSwiftUpdateCheck = 1330;
				LastUpgradeCheck = 1330;
				TargetAttributes = {
					784C5B512820CD1E00F1212A = {
						CreatedOnToolsVersion = 13.3.1;
					};
				};
			};
			buildConfigurationList = 784C5B4D2820CD1E00F1212A /* Build configuration list for PBXProject "Weather 1Hour App" */;
			compatibilityVersion = "Xcode 13.0";
			developmentRegion = en;
			hasScannedForEncodings = 0;
			knownRegions = (
				en,
				Base,
			);
			mainGroup = 784C5B492820CD1E00F1212A;
			productRefGroup = 784C5B532820CD1E00F1212A /* Products */;
			projectDirPath = "";
			projectRoot = "";
			targets = (
				784C5B512820CD1E00F1212A /* Weather 1Hour App */,
			);
		};
/* End PBXProject section */

/* Begin PBXResourcesBuildPhase section */
		784C5B502820CD1E00F1212A /* Resources */ = {
			isa = PBXResourcesBuildPhase;
			buildActionMask = 2147483647;
			files = (
				784C5B652820CD2000F1212A /* LaunchScreen.storyboard in Resources */,
				784C5B622820CD2000F1212A /* Assets.xcassets in Resources */,
				784C5B5D2820CD1E00F1212A /* Main.storyboard in Resources */,
			);
			runOnlyForDeploymentPostprocessing = 0;
		};
/* End PBXResourcesBuildPhase section */

/* Begin PBXSourcesBuildPhase section */
		784C5B4E2820CD1E00F1212A /* Sources */ = {
			isa = PBXSourcesBuildPhase;
			buildActionMask = 2147483647;
			files = (
				784C5B722820CD5D00F1212A /* WeatherManager.swift in Sources */,
				784C5B602820CD1E00F1212A /* Weather_1Hour_App.xcdatamodeld in Sources */,
				784C5B6F2820CD4600F1212A /* WeatherData.swift in Sources */,
				788DE5EA2820E3B700AB3A53 /* WeatherModel.swift in Sources */,
				784C5B5A2820CD1E00F1212A /* ViewController.swift in Sources */,
				784C5B562820CD1E00F1212A /* AppDelegate.swift in Sources */,
				784C5B582820CD1E00F1212A /* SceneDelegate.swift in Sources */,
			);
			runOnlyForDeploymentPostprocessing = 0;
		};
/* End PBXSourcesBuildPhase section */

/* Begin PBXVariantGroup section */
		784C5B5B2820CD1E00F1212A /* Main.storyboard */ = {
			isa = PBXVariantGroup;
			children = (
				784C5B5C2820CD1E00F1212A /* Base */,
			);
			name = Main.storyboard;
			sourceTree = "<group>";
		};
		784C5B632820CD2000F1212A /* LaunchScreen.storyboard */ = {
			isa = PBXVariantGroup;
			children = (
				784C5B642820CD2000F1212A /* Base */,
			);
			name = LaunchScreen.storyboard;
			sourceTree = "<group>";
		};
/* End PBXVariantGroup section */

/* Begin XCBuildConfiguration section */
		784C5B672820CD2000F1212A /* Debug */ = {
			isa = XCBuildConfiguration;
			buildSettings = {
				ALWAYS_SEARCH_USER_PATHS = NO;
				CLANG_ANALYZER_NONNULL = YES;
				CLANG_ANALYZER_NUMBER_OBJECT_CONVERSION = YES_AGGRESSIVE;
				CLANG_CXX_LANGUAGE_STANDARD = "gnu++17";
				CLANG_ENABLE_MODULES = YES;
				CLANG_ENABLE_OBJC_ARC = YES;
				CLANG_ENABLE_OBJC_WEAK = YES;
				CLANG_WARN_BLOCK_CAPTURE_AUTORELEASING = YES;
				CLANG_WARN_BOOL_CONVERSION = YES;
				CLANG_WARN_COMMA = YES;
				CLANG_WARN_CONSTANT_CONVERSION = YES;
				CLANG_WARN_DEPRECATED_OBJC_IMPLEMENTATIONS = YES;
				CLANG_WARN_DIRECT_OBJC_ISA_USAGE = YES_ERROR;
				CLANG_WARN_DOCUMENTATION_COMMENTS = YES;
				CLANG_WARN_EMPTY_BODY = YES;
				CLANG_WARN_ENUM_CONVERSION = YES;
				CLANG_WARN_INFINITE_RECURSION = YES;
				CLANG_WARN_INT_CONVERSION = YES;
				CLANG_WARN_NON_LITERAL_NULL_CONVERSION = YES;
				CLANG_WARN_OBJC_IMPLICIT_RETAIN_SELF = YES;
				CLANG_WARN_OBJC_LITERAL_CONVERSION = YES;
				CLANG_WARN_OBJC_ROOT_CLASS = YES_ERROR;
				CLANG_WARN_QUOTED_INCLUDE_IN_FRAMEWORK_HEADER = YES;
				CLANG_WARN_RANGE_LOOP_ANALYSIS = YES;
				CLANG_WARN_STRICT_PROTOTYPES = YES;
				CLANG_WARN_SUSPICIOUS_MOVE = YES;
				CLANG_WARN_UNGUARDED_AVAILABILITY = YES_AGGRESSIVE;
				CLANG_WARN_UNREACHABLE_CODE = YES;
				CLANG_WARN__DUPLICATE_METHOD_MATCH = YES;
				COPY_PHASE_STRIP = NO;
				DEBUG_INFORMATION_FORMAT = dwarf;
				ENABLE_STRICT_OBJC_MSGSEND = YES;
				ENABLE_TESTABILITY = YES;
				GCC_C_LANGUAGE_STANDARD = gnu11;
				GCC_DYNAMIC_NO_PIC = NO;
				GCC_NO_COMMON_BLOCKS = YES;
				GCC_OPTIMIZATION_LEVEL = 0;
				GCC_PREPROCESSOR_DEFINITIONS = (
					"DEBUG=1",
					"$(inherited)",
				);
				GCC_WARN_64_TO_32_BIT_CONVERSION = YES;
				GCC_WARN_ABOUT_RETURN_TYPE = YES_ERROR;
				GCC_WARN_UNDECLARED_SELECTOR = YES;
				GCC_WARN_UNINITIALIZED_AUTOS = YES_AGGRESSIVE;
				GCC_WARN_UNUSED_FUNCTION = YES;
				GCC_WARN_UNUSED_VARIABLE = YES;
				IPHONEOS_DEPLOYMENT_TARGET = 15.4;
				MTL_ENABLE_DEBUG_INFO = INCLUDE_SOURCE;
				MTL_FAST_MATH = YES;
				ONLY_ACTIVE_ARCH = YES;
				SDKROOT = iphoneos;
				SWIFT_ACTIVE_COMPILATION_CONDITIONS = DEBUG;
				SWIFT_OPTIMIZATION_LEVEL = "-Onone";
			};
			name = Debug;
		};
		784C5B682820CD2000F1212A /* Release */ = {
			isa = XCBuildConfiguration;
			buildSettings = {
				ALWAYS_SEARCH_USER_PATHS = NO;
				CLANG_ANALYZER_NONNULL = YES;
				CLANG_ANALYZER_NUMBER_OBJECT_CONVERSION = YES_AGGRESSIVE;
				CLANG_CXX_LANGUAGE_STANDARD = "gnu++17";
				CLANG_ENABLE_MODULES = YES;
				CLANG_ENABLE_OBJC_ARC = YES;
				CLANG_ENABLE_OBJC_WEAK = YES;
				CLANG_WARN_BLOCK_CAPTURE_AUTORELEASING = YES;
				CLANG_WARN_BOOL_CONVERSION = YES;
				CLANG_WARN_COMMA = YES;
				CLANG_WARN_CONSTANT_CONVERSION = YES;
				CLANG_WARN_DEPRECATED_OBJC_IMPLEMENTATIONS = YES;
				CLANG_WARN_DIRECT_OBJC_ISA_USAGE = YES_ERROR;
				CLANG_WARN_DOCUMENTATION_COMMENTS = YES;
				CLANG_WARN_EMPTY_BODY = YES;
				CLANG_WARN_ENUM_CONVERSION = YES;
				CLANG_WARN_INFINITE_RECURSION = YES;
				CLANG_WARN_INT_CONVERSION = YES;
				CLANG_WARN_NON_LITERAL_NULL_CONVERSION = YES;
				CLANG_WARN_OBJC_IMPLICIT_RETAIN_SELF = YES;
				CLANG_WARN_OBJC_LITERAL_CONVERSION = YES;
				CLANG_WARN_OBJC_ROOT_CLASS = YES_ERROR;
				CLANG_WARN_QUOTED_INCLUDE_IN_FRAMEWORK_HEADER = YES;
				CLANG_WARN_RANGE_LOOP_ANALYSIS = YES;
				CLANG_WARN_STRICT_PROTOTYPES = YES;
				CLANG_WARN_SUSPICIOUS_MOVE = YES;
				CLANG_WARN_UNGUARDED_AVAILABILITY = YES_AGGRESSIVE;
				CLANG_WARN_UNREACHABLE_CODE = YES;
				CLANG_WARN__DUPLICATE_METHOD_MATCH = YES;
				COPY_PHASE_STRIP = NO;
				DEBUG_INFORMATION_FORMAT = "dwarf-with-dsym";
				ENABLE_NS_ASSERTIONS = NO;
				ENABLE_STRICT_OBJC_MSGSEND = YES;
				GCC_C_LANGUAGE_STANDARD = gnu11;
				GCC_NO_COMMON_BLOCKS = YES;
				GCC_WARN_64_TO_32_BIT_CONVERSION = YES;
				GCC_WARN_ABOUT_RETURN_TYPE = YES_ERROR;
				GCC_WARN_UNDECLARED_SELECTOR = YES;
				GCC_WARN_UNINITIALIZED_AUTOS = YES_AGGRESSIVE;
				GCC_WARN_UNUSED_FUNCTION = YES;
				GCC_WARN_UNUSED_VARIABLE = YES;
				IPHONEOS_DEPLOYMENT_TARGET = 15.4;
				MTL_ENABLE_DEBUG_INFO = NO;
				MTL_FAST_MATH = YES;
				SDKROOT = iphoneos;
				SWIFT_COMPILATION_MODE = wholemodule;
				SWIFT_OPTIMIZATION_LEVEL = "-O";
				VALIDATE_PRODUCT = YES;
			};
			name = Release;
		};
		784C5B6A2820CD2000F1212A /* Debug */ = {
			isa = XCBuildConfiguration;
			buildSettings = {
				ASSETCATALOG_COMPILER_APPICON_NAME = AppIcon;
				ASSETCATALOG_COMPILER_GLOBAL_ACCENT_COLOR_NAME = AccentColor;
				CODE_SIGN_STYLE = Automatic;
				CURRENT_PROJECT_VERSION = 1;
				DEVELOPMENT_TEAM = WQD7F9D6LV;
				GENERATE_INFOPLIST_FILE = YES;
				INFOPLIST_FILE = "Weather 1Hour App/Info.plist";
				INFOPLIST_KEY_UIApplicationSupportsIndirectInputEvents = YES;
				INFOPLIST_KEY_UILaunchStoryboardName = LaunchScreen;
				INFOPLIST_KEY_UIMainStoryboardFile = Main;
				INFOPLIST_KEY_UISupportedInterfaceOrientations_iPad = "UIInterfaceOrientationPortrait UIInterfaceOrientationPortraitUpsideDown UIInterfaceOrientationLandscapeLeft UIInterfaceOrientationLandscapeRight";
				INFOPLIST_KEY_UISupportedInterfaceOrientations_iPhone = "UIInterfaceOrientationPortrait UIInterfaceOrientationLandscapeLeft UIInterfaceOrientationLandscapeRight";
				LD_RUNPATH_SEARCH_PATHS = (
					"$(inherited)",
					"@executable_path/Frameworks",
				);
				MARKETING_VERSION = 1.0;
				PRODUCT_BUNDLE_IDENTIFIER = "com.moolman.Weather-1Hour-App";
				PRODUCT_NAME = "$(TARGET_NAME)";
				SWIFT_EMIT_LOC_STRINGS = YES;
				SWIFT_VERSION = 5.0;
				TARGETED_DEVICE_FAMILY = "1,2";
			};
			name = Debug;
		};
		784C5B6B2820CD2000F1212A /* Release */ = {
			isa = XCBuildConfiguration;
			buildSettings = {
				ASSETCATALOG_COMPILER_APPICON_NAME = AppIcon;
				ASSETCATALOG_COMPILER_GLOBAL_ACCENT_COLOR_NAME = AccentColor;
				CODE_SIGN_STYLE = Automatic;
				CURRENT_PROJECT_VERSION = 1;
				DEVELOPMENT_TEAM = WQD7F9D6LV;
				GENERATE_INFOPLIST_FILE = YES;
				INFOPLIST_FILE = "Weather 1Hour App/Info.plist";
				INFOPLIST_KEY_UIApplicationSupportsIndirectInputEvents = YES;
				INFOPLIST_KEY_UILaunchStoryboardName = LaunchScreen;
				INFOPLIST_KEY_UIMainStoryboardFile = Main;
				INFOPLIST_KEY_UISupportedInterfaceOrientations_iPad = "UIInterfaceOrientationPortrait UIInterfaceOrientationPortraitUpsideDown UIInterfaceOrientationLandscapeLeft UIInterfaceOrientationLandscapeRight";
				INFOPLIST_KEY_UISupportedInterfaceOrientations_iPhone = "UIInterfaceOrientationPortrait UIInterfaceOrientationLandscapeLeft UIInterfaceOrientationLandscapeRight";
				LD_RUNPATH_SEARCH_PATHS = (
					"$(inherited)",
					"@executable_path/Frameworks",
				);
				MARKETING_VERSION = 1.0;
				PRODUCT_BUNDLE_IDENTIFIER = "com.moolman.Weather-1Hour-App";
				PRODUCT_NAME = "$(TARGET_NAME)";
				SWIFT_EMIT_LOC_STRINGS = YES;
				SWIFT_VERSION = 5.0;
				TARGETED_DEVICE_FAMILY = "1,2";
			};
			name = Release;
		};
/* End XCBuildConfiguration section */

/* Begin XCConfigurationList section */
		784C5B4D2820CD1E00F1212A /* Build configuration list for PBXProject "Weather 1Hour App" */ = {
			isa = XCConfigurationList;
			buildConfigurations = (
				784C5B672820CD2000F1212A /* Debug */,
				784C5B682820CD2000F1212A /* Release */,
			);
			defaultConfigurationIsVisible = 0;
			defaultConfigurationName = Release;
		};
		784C5B692820CD2000F1212A /* Build configuration list for PBXNativeTarget "Weather 1Hour App" */ = {
			isa = XCConfigurationList;
			buildConfigurations = (
				784C5B6A2820CD2000F1212A /* Debug */,
				784C5B6B2820CD2000F1212A /* Release */,
			);
			defaultConfigurationIsVisible = 0;
			defaultConfigurationName = Release;
		};
/* End XCConfigurationList section */

/* Begin XCVersionGroup section */
		784C5B5E2820CD1E00F1212A /* Weather_1Hour_App.xcdatamodeld */ = {
			isa = XCVersionGroup;
			children = (
				784C5B5F2820CD1E00F1212A /* Weather_1Hour_App.xcdatamodel */,
			);
			currentVersion = 784C5B5F2820CD1E00F1212A /* Weather_1Hour_App.xcdatamodel */;
			path = Weather_1Hour_App.xcdatamodeld;
			sourceTree = "<group>";
			versionGroupType = wrapper.xcdatamodel;
		};
/* End XCVersionGroup section */
	};
	rootObject = 784C5B4A2820CD1E00F1212A /* Project object */;
}
